
Microsoft Visual Studio Solution File, Format Version 12.00
# Visual Studio Version 17
VisualStudioVersion = 17.14.36518.9
MinimumVisualStudioVersion = 10.0.40219.1
Project("{2150E333-8FDC-42A3-9474-1A3956D46DE8}") = "Task 0", "Task 0", "{02EA681E-C7D8-13C7-8484-4AC65E1B71E8}"
EndProject
Project("{FAE04EC0-301F-11D3-BF4B-00C04F79EFBC}") = "Tyuiu.FilevaPA.Sprint2.Task0.V28", "Tyuiu.FilevaPA.Sprint2.Task0.V28\Tyuiu.FilevaPA.Sprint2.Task0.V28.csproj", "{C07C7094-77F1-47E2-B69D-277A6B226C73}"
EndProject
Project("{FAE04EC0-301F-11D3-BF4B-00C04F79EFBC}") = "Tyuiu.FilevaPA.Sprint2.Task0.V28.Lib", "Tyuiu.FilevaPA.Sprint2.Task0.V28.Lib\Tyuiu.FilevaPA.Sprint2.Task0.V28.Lib.csproj", "{DDDE72E4-2169-4072-B5CC-282E0A623CCB}"
EndProject
Project("{FAE04EC0-301F-11D3-BF4B-00C04F79EFBC}") = "Tyuiu.FilevaPA.Sprint2.Task0.V28.Test", "Tyuiu.FilevaPA.Sprint2.Task0.V28.Test\Tyuiu.FilevaPA.Sprint2.Task0.V28.Test.csproj", "{6DBFA4C7-FC83-4055-874A-E070B788DF5A}"
EndProject
Project("{2150E333-8FDC-42A3-9474-1A3956D46DE8}") = "Task 1", "Task 1", "{6F2EE599-2DF8-4280-AE7C-B41CDB34633C}"
EndProject
Project("{FAE04EC0-301F-11D3-BF4B-00C04F79EFBC}") = "Tyuiu.FilevaPA.Sprint2.Task1.V7.Lib", "Tyuiu.FilevaPA.Sprint2.Task1.V7.Lib\Tyuiu.FilevaPA.Sprint2.Task1.V7.Lib.csproj", "{FEE79A09-DA40-4816-B3C1-17C93ED37D17}"
EndProject
Project("{FAE04EC0-301F-11D3-BF4B-00C04F79EFBC}") = "Tyuiu.FilevaPA.Sprint2.Task1.V7", "Tyuiu.FilevaPA.Sprint2.Task1.V7\Tyuiu.FilevaPA.Sprint2.Task1.V7.csproj", "{2A605324-3A32-4D57-9F45-59D14CE7FA43}"
EndProject
Project("{FAE04EC0-301F-11D3-BF4B-00C04F79EFBC}") = "Tyuiu.FilevaPA.Sprint2.Task1.V7.Test", "Tyuiu.FilevaPA.Sprint2.Task1.V7.Test\Tyuiu.FilevaPA.Sprint2.Task1.V7.Test.csproj", "{536398C0-A045-4290-BB1A-B5A41834BB20}"
EndProject
Global
	GlobalSection(SolutionConfigurationPlatforms) = preSolution
		Debug|Any CPU = Debug|Any CPU
		Release|Any CPU = Release|Any CPU
	EndGlobalSection
	GlobalSection(ProjectConfigurationPlatforms) = postSolution
		{C07C7094-77F1-47E2-B69D-277A6B226C73}.Debug|Any CPU.ActiveCfg = Debug|Any CPU
		{C07C7094-77F1-47E2-B69D-277A6B226C73}.Debug|Any CPU.Build.0 = Debug|Any CPU
		{C07C7094-77F1-47E2-B69D-277A6B226C73}.Release|Any CPU.ActiveCfg = Release|Any CPU
		{C07C7094-77F1-47E2-B69D-277A6B226C73}.Release|Any CPU.Build.0 = Release|Any CPU
		{DDDE72E4-2169-4072-B5CC-282E0A623CCB}.Debug|Any CPU.ActiveCfg = Debug|Any CPU
		{DDDE72E4-2169-4072-B5CC-282E0A623CCB}.Debug|Any CPU.Build.0 = Debug|Any CPU
		{DDDE72E4-2169-4072-B5CC-282E0A623CCB}.Release|Any CPU.ActiveCfg = Release|Any CPU
		{DDDE72E4-2169-4072-B5CC-282E0A623CCB}.Release|Any CPU.Build.0 = Release|Any CPU
		{6DBFA4C7-FC83-4055-874A-E070B788DF5A}.Debug|Any CPU.ActiveCfg = Debug|Any CPU
		{6DBFA4C7-FC83-4055-874A-E070B788DF5A}.Debug|Any CPU.Build.0 = Debug|Any CPU
		{6DBFA4C7-FC83-4055-874A-E070B788DF5A}.Release|Any CPU.ActiveCfg = Release|Any CPU
		{6DBFA4C7-FC83-4055-874A-E070B788DF5A}.Release|Any CPU.Build.0 = Release|Any CPU
		{FEE79A09-DA40-4816-B3C1-17C93ED37D17}.Debug|Any CPU.ActiveCfg = Debug|Any CPU
		{FEE79A09-DA40-4816-B3C1-17C93ED37D17}.Debug|Any CPU.Build.0 = Debug|Any CPU
		{FEE79A09-DA40-4816-B3C1-17C93ED37D17}.Release|Any CPU.ActiveCfg = Release|Any CPU
		{FEE79A09-DA40-4816-B3C1-17C93ED37D17}.Release|Any CPU.Build.0 = Release|Any CPU
		{2A605324-3A32-4D57-9F45-59D14CE7FA43}.Debug|Any CPU.ActiveCfg = Debug|Any CPU
		{2A605324-3A32-4D57-9F45-59D14CE7FA43}.Debug|Any CPU.Build.0 = Debug|Any CPU
		{2A605324-3A32-4D57-9F45-59D14CE7FA43}.Release|Any CPU.ActiveCfg = Release|Any CPU
		{2A605324-3A32-4D57-9F45-59D14CE7FA43}.Release|Any CPU.Build.0 = Release|Any CPU
		{536398C0-A045-4290-BB1A-B5A41834BB20}.Debug|Any CPU.ActiveCfg = Debug|Any CPU
		{536398C0-A045-4290-BB1A-B5A41834BB20}.Debug|Any CPU.Build.0 = Debug|Any CPU
		{536398C0-A045-4290-BB1A-B5A41834BB20}.Release|Any CPU.ActiveCfg = Release|Any CPU
		{536398C0-A045-4290-BB1A-B5A41834BB20}.Release|Any CPU.Build.0 = Release|Any CPU
	EndGlobalSection
	GlobalSection(SolutionProperties) = preSolution
		HideSolutionNode = FALSE
	EndGlobalSection
	GlobalSection(NestedProjects) = preSolution
		{C07C7094-77F1-47E2-B69D-277A6B226C73} = {02EA681E-C7D8-13C7-8484-4AC65E1B71E8}
		{DDDE72E4-2169-4072-B5CC-282E0A623CCB} = {02EA681E-C7D8-13C7-8484-4AC65E1B71E8}
		{6DBFA4C7-FC83-4055-874A-E070B788DF5A} = {02EA681E-C7D8-13C7-8484-4AC65E1B71E8}
		{FEE79A09-DA40-4816-B3C1-17C93ED37D17} = {6F2EE599-2DF8-4280-AE7C-B41CDB34633C}
		{2A605324-3A32-4D57-9F45-59D14CE7FA43} = {6F2EE599-2DF8-4280-AE7C-B41CDB34633C}
		{536398C0-A045-4290-BB1A-B5A41834BB20} = {6F2EE599-2DF8-4280-AE7C-B41CDB34633C}
	EndGlobalSection
	GlobalSection(ExtensibilityGlobals) = postSolution
		SolutionGuid = {9494473B-2734-4F21-968C-E46B147E31DF}
	EndGlobalSection
EndGlobal
