
Microsoft Visual Studio Solution File, Format Version 12.00
# Visual Studio Version 17
VisualStudioVersion = 17.14.36518.9
MinimumVisualStudioVersion = 10.0.40219.1
Project("{2150E333-8FDC-42A3-9474-1A3956D46DE8}") = "Task 1", "Task 1", "{6F2EE599-2DF8-4280-AE7C-B41CDB34633C}"
EndProject
Project("{FAE04EC0-301F-11D3-BF4B-00C04F79EFBC}") = "Tyuiu.FilevaPA.Sprint2.Task1.V7.Lib", "Tyuiu.FilevaPA.Sprint2.Task1.V7.Lib\Tyuiu.FilevaPA.Sprint2.Task1.V7.Lib.csproj", "{FEE79A09-DA40-4816-B3C1-17C93ED37D17}"
EndProject
Project("{FAE04EC0-301F-11D3-BF4B-00C04F79EFBC}") = "Tyuiu.FilevaPA.Sprint2.Task1.V7", "Tyuiu.FilevaPA.Sprint2.Task1.V7\Tyuiu.FilevaPA.Sprint2.Task1.V7.csproj", "{2A605324-3A32-4D57-9F45-59D14CE7FA43}"
EndProject
Project("{FAE04EC0-301F-11D3-BF4B-00C04F79EFBC}") = "Tyuiu.FilevaPA.Sprint2.Task1.V7.Test", "Tyuiu.FilevaPA.Sprint2.Task1.V7.Test\Tyuiu.FilevaPA.Sprint2.Task1.V7.Test.csproj", "{536398C0-A045-4290-BB1A-B5A41834BB20}"
EndProject
Project("{2150E333-8FDC-42A3-9474-1A3956D46DE8}") = "Task 0", "Task 0", "{02EA681E-C7D8-13C7-8484-4AC65E1B71E8}"
EndProject
Project("{FAE04EC0-301F-11D3-BF4B-00C04F79EFBC}") = "Tyuiu.FilevaPA.Sprint2.Task0.V28", "Tyuiu.FilevaPA.Sprint2.Task0.V28\Tyuiu.FilevaPA.Sprint2.Task0.V28.csproj", "{4A942B2B-AED0-4AEF-8D16-FE5C91E5A4DD}"
EndProject
Project("{FAE04EC0-301F-11D3-BF4B-00C04F79EFBC}") = "Tyuiu.FilevaPA.Sprint2.Task0.V28.Lib", "Tyuiu.FilevaPA.Sprint2.Task0.V28.Lib\Tyuiu.FilevaPA.Sprint2.Task0.V28.Lib.csproj", "{79E17272-FF32-4648-A12C-6913623059B7}"
EndProject
Project("{FAE04EC0-301F-11D3-BF4B-00C04F79EFBC}") = "Tyuiu.FilevaPA.Sprint2.Task0.V28.Test", "Tyuiu.FilevaPA.Sprint2.Task0.V28.Test\Tyuiu.FilevaPA.Sprint2.Task0.V28.Test.csproj", "{9F3DF187-110F-4FA8-BACB-26ACABBC9C77}"
EndProject
Project("{2150E333-8FDC-42A3-9474-1A3956D46DE8}") = "Task 2", "Task 2", "{6DE57172-2FD7-4D1D-B477-9CE62A99334E}"
EndProject
Project("{FAE04EC0-301F-11D3-BF4B-00C04F79EFBC}") = "Tyuiu.FilevaPA.Sprint2.Task2.V1.Lib", "Tyuiu.FilevaPA.Sprint2.Task2.V1.Lib\Tyuiu.FilevaPA.Sprint2.Task2.V1.Lib.csproj", "{90869D1A-E9BF-4C02-9362-6E56A4B631EE}"
EndProject
Project("{FAE04EC0-301F-11D3-BF4B-00C04F79EFBC}") = "Tyuiu.FilevaPA.Sprint2.Task2.V1", "Tyuiu.FilevaPA.Sprint2.Task2.V1\Tyuiu.FilevaPA.Sprint2.Task2.V1.csproj", "{C1498482-A982-460D-9656-B7AEE2822441}"
EndProject
Project("{FAE04EC0-301F-11D3-BF4B-00C04F79EFBC}") = "Tyuiu.FilevaPA.Sprint2.Task2.V1.Test", "Tyuiu.FilevaPA.Sprint2.Task2.V1.Test\Tyuiu.FilevaPA.Sprint2.Task2.V1.Test.csproj", "{B006C460-8204-4EC7-A02F-33657DF47A6B}"
EndProject
Global
	GlobalSection(SolutionConfigurationPlatforms) = preSolution
		Debug|Any CPU = Debug|Any CPU
		Release|Any CPU = Release|Any CPU
	EndGlobalSection
	GlobalSection(ProjectConfigurationPlatforms) = postSolution
		{FEE79A09-DA40-4816-B3C1-17C93ED37D17}.Debug|Any CPU.ActiveCfg = Debug|Any CPU
		{FEE79A09-DA40-4816-B3C1-17C93ED37D17}.Debug|Any CPU.Build.0 = Debug|Any CPU
		{FEE79A09-DA40-4816-B3C1-17C93ED37D17}.Release|Any CPU.ActiveCfg = Release|Any CPU
		{FEE79A09-DA40-4816-B3C1-17C93ED37D17}.Release|Any CPU.Build.0 = Release|Any CPU
		{2A605324-3A32-4D57-9F45-59D14CE7FA43}.Debug|Any CPU.ActiveCfg = Debug|Any CPU
		{2A605324-3A32-4D57-9F45-59D14CE7FA43}.Debug|Any CPU.Build.0 = Debug|Any CPU
		{2A605324-3A32-4D57-9F45-59D14CE7FA43}.Release|Any CPU.ActiveCfg = Release|Any CPU
		{2A605324-3A32-4D57-9F45-59D14CE7FA43}.Release|Any CPU.Build.0 = Release|Any CPU
		{536398C0-A045-4290-BB1A-B5A41834BB20}.Debug|Any CPU.ActiveCfg = Debug|Any CPU
		{536398C0-A045-4290-BB1A-B5A41834BB20}.Debug|Any CPU.Build.0 = Debug|Any CPU
		{536398C0-A045-4290-BB1A-B5A41834BB20}.Release|Any CPU.ActiveCfg = Release|Any CPU
		{536398C0-A045-4290-BB1A-B5A41834BB20}.Release|Any CPU.Build.0 = Release|Any CPU
		{4A942B2B-AED0-4AEF-8D16-FE5C91E5A4DD}.Debug|Any CPU.ActiveCfg = Debug|Any CPU
		{4A942B2B-AED0-4AEF-8D16-FE5C91E5A4DD}.Debug|Any CPU.Build.0 = Debug|Any CPU
		{4A942B2B-AED0-4AEF-8D16-FE5C91E5A4DD}.Release|Any CPU.ActiveCfg = Release|Any CPU
		{4A942B2B-AED0-4AEF-8D16-FE5C91E5A4DD}.Release|Any CPU.Build.0 = Release|Any CPU
		{79E17272-FF32-4648-A12C-6913623059B7}.Debug|Any CPU.ActiveCfg = Debug|Any CPU
		{79E17272-FF32-4648-A12C-6913623059B7}.Debug|Any CPU.Build.0 = Debug|Any CPU
		{79E17272-FF32-4648-A12C-6913623059B7}.Release|Any CPU.ActiveCfg = Release|Any CPU
		{79E17272-FF32-4648-A12C-6913623059B7}.Release|Any CPU.Build.0 = Release|Any CPU
		{9F3DF187-110F-4FA8-BACB-26ACABBC9C77}.Debug|Any CPU.ActiveCfg = Debug|Any CPU
		{9F3DF187-110F-4FA8-BACB-26ACABBC9C77}.Debug|Any CPU.Build.0 = Debug|Any CPU
		{9F3DF187-110F-4FA8-BACB-26ACABBC9C77}.Release|Any CPU.ActiveCfg = Release|Any CPU
		{9F3DF187-110F-4FA8-BACB-26ACABBC9C77}.Release|Any CPU.Build.0 = Release|Any CPU
		{90869D1A-E9BF-4C02-9362-6E56A4B631EE}.Debug|Any CPU.ActiveCfg = Debug|Any CPU
		{90869D1A-E9BF-4C02-9362-6E56A4B631EE}.Debug|Any CPU.Build.0 = Debug|Any CPU
		{90869D1A-E9BF-4C02-9362-6E56A4B631EE}.Release|Any CPU.ActiveCfg = Release|Any CPU
		{90869D1A-E9BF-4C02-9362-6E56A4B631EE}.Release|Any CPU.Build.0 = Release|Any CPU
		{C1498482-A982-460D-9656-B7AEE2822441}.Debug|Any CPU.ActiveCfg = Debug|Any CPU
		{C1498482-A982-460D-9656-B7AEE2822441}.Debug|Any CPU.Build.0 = Debug|Any CPU
		{C1498482-A982-460D-9656-B7AEE2822441}.Release|Any CPU.ActiveCfg = Release|Any CPU
		{C1498482-A982-460D-9656-B7AEE2822441}.Release|Any CPU.Build.0 = Release|Any CPU
		{B006C460-8204-4EC7-A02F-33657DF47A6B}.Debug|Any CPU.ActiveCfg = Debug|Any CPU
		{B006C460-8204-4EC7-A02F-33657DF47A6B}.Debug|Any CPU.Build.0 = Debug|Any CPU
		{B006C460-8204-4EC7-A02F-33657DF47A6B}.Release|Any CPU.ActiveCfg = Release|Any CPU
		{B006C460-8204-4EC7-A02F-33657DF47A6B}.Release|Any CPU.Build.0 = Release|Any CPU
	EndGlobalSection
	GlobalSection(SolutionProperties) = preSolution
		HideSolutionNode = FALSE
	EndGlobalSection
	GlobalSection(NestedProjects) = preSolution
		{FEE79A09-DA40-4816-B3C1-17C93ED37D17} = {6F2EE599-2DF8-4280-AE7C-B41CDB34633C}
		{2A605324-3A32-4D57-9F45-59D14CE7FA43} = {6F2EE599-2DF8-4280-AE7C-B41CDB34633C}
		{536398C0-A045-4290-BB1A-B5A41834BB20} = {6F2EE599-2DF8-4280-AE7C-B41CDB34633C}
		{4A942B2B-AED0-4AEF-8D16-FE5C91E5A4DD} = {02EA681E-C7D8-13C7-8484-4AC65E1B71E8}
		{79E17272-FF32-4648-A12C-6913623059B7} = {02EA681E-C7D8-13C7-8484-4AC65E1B71E8}
		{9F3DF187-110F-4FA8-BACB-26ACABBC9C77} = {02EA681E-C7D8-13C7-8484-4AC65E1B71E8}
		{90869D1A-E9BF-4C02-9362-6E56A4B631EE} = {6DE57172-2FD7-4D1D-B477-9CE62A99334E}
		{C1498482-A982-460D-9656-B7AEE2822441} = {6DE57172-2FD7-4D1D-B477-9CE62A99334E}
		{B006C460-8204-4EC7-A02F-33657DF47A6B} = {6DE57172-2FD7-4D1D-B477-9CE62A99334E}
	EndGlobalSection
	GlobalSection(ExtensibilityGlobals) = postSolution
		SolutionGuid = {9494473B-2734-4F21-968C-E46B147E31DF}
	EndGlobalSection
EndGlobal
