
Microsoft Visual Studio Solution File, Format Version 12.00
# Visual Studio Version 17
VisualStudioVersion = 17.14.36518.9
MinimumVisualStudioVersion = 10.0.40219.1
Project("{2150E333-8FDC-42A3-9474-1A3956D46DE8}") = "Task 1", "Task 1", "{6F2EE599-2DF8-4280-AE7C-B41CDB34633C}"
EndProject
Project("{FAE04EC0-301F-11D3-BF4B-00C04F79EFBC}") = "Tyuiu.FilevaPA.Sprint2.Task1.V7.Lib", "Tyuiu.FilevaPA.Sprint2.Task1.V7.Lib\Tyuiu.FilevaPA.Sprint2.Task1.V7.Lib.csproj", "{FEE79A09-DA40-4816-B3C1-17C93ED37D17}"
EndProject
Project("{FAE04EC0-301F-11D3-BF4B-00C04F79EFBC}") = "Tyuiu.FilevaPA.Sprint2.Task1.V7", "Tyuiu.FilevaPA.Sprint2.Task1.V7\Tyuiu.FilevaPA.Sprint2.Task1.V7.csproj", "{2A605324-3A32-4D57-9F45-59D14CE7FA43}"
EndProject
Project("{FAE04EC0-301F-11D3-BF4B-00C04F79EFBC}") = "Tyuiu.FilevaPA.Sprint2.Task1.V7.Test", "Tyuiu.FilevaPA.Sprint2.Task1.V7.Test\Tyuiu.FilevaPA.Sprint2.Task1.V7.Test.csproj", "{536398C0-A045-4290-BB1A-B5A41834BB20}"
EndProject
Project("{2150E333-8FDC-42A3-9474-1A3956D46DE8}") = "Task 0", "Task 0", "{02EA681E-C7D8-13C7-8484-4AC65E1B71E8}"
EndProject
Project("{FAE04EC0-301F-11D3-BF4B-00C04F79EFBC}") = "Tyuiu.FilevaPA.Sprint2.Task0.V28", "Tyuiu.FilevaPA.Sprint2.Task0.V28\Tyuiu.FilevaPA.Sprint2.Task0.V28.csproj", "{4A942B2B-AED0-4AEF-8D16-FE5C91E5A4DD}"
EndProject
Project("{FAE04EC0-301F-11D3-BF4B-00C04F79EFBC}") = "Tyuiu.FilevaPA.Sprint2.Task0.V28.Lib", "Tyuiu.FilevaPA.Sprint2.Task0.V28.Lib\Tyuiu.FilevaPA.Sprint2.Task0.V28.Lib.csproj", "{79E17272-FF32-4648-A12C-6913623059B7}"
EndProject
Project("{FAE04EC0-301F-11D3-BF4B-00C04F79EFBC}") = "Tyuiu.FilevaPA.Sprint2.Task0.V28.Test", "Tyuiu.FilevaPA.Sprint2.Task0.V28.Test\Tyuiu.FilevaPA.Sprint2.Task0.V28.Test.csproj", "{9F3DF187-110F-4FA8-BACB-26ACABBC9C77}"
EndProject
Project("{2150E333-8FDC-42A3-9474-1A3956D46DE8}") = "Task 2", "Task 2", "{6DE57172-2FD7-4D1D-B477-9CE62A99334E}"
EndProject
Project("{FAE04EC0-301F-11D3-BF4B-00C04F79EFBC}") = "Tyuiu.FilevaPA.Sprint2.Task2.V1.Lib", "Tyuiu.FilevaPA.Sprint2.Task2.V1.Lib\Tyuiu.FilevaPA.Sprint2.Task2.V1.Lib.csproj", "{90869D1A-E9BF-4C02-9362-6E56A4B631EE}"
EndProject
Project("{FAE04EC0-301F-11D3-BF4B-00C04F79EFBC}") = "Tyuiu.FilevaPA.Sprint2.Task2.V1", "Tyuiu.FilevaPA.Sprint2.Task2.V1\Tyuiu.FilevaPA.Sprint2.Task2.V1.csproj", "{C1498482-A982-460D-9656-B7AEE2822441}"
EndProject
Project("{FAE04EC0-301F-11D3-BF4B-00C04F79EFBC}") = "Tyuiu.FilevaPA.Sprint2.Task2.V1.Test", "Tyuiu.FilevaPA.Sprint2.Task2.V1.Test\Tyuiu.FilevaPA.Sprint2.Task2.V1.Test.csproj", "{B006C460-8204-4EC7-A02F-33657DF47A6B}"
EndProject
Project("{2150E333-8FDC-42A3-9474-1A3956D46DE8}") = "Task 3", "Task 3", "{AAAFE7D7-3864-423B-A324-CAA5A3364C5E}"
EndProject
Project("{FAE04EC0-301F-11D3-BF4B-00C04F79EFBC}") = "Tyuiu.FilevaPA.Sprint2.Task3.V10", "Tyuiu.FilevaPA.Sprint2.Task3.V10\Tyuiu.FilevaPA.Sprint2.Task3.V10.csproj", "{85F42051-D689-4F01-BC2E-844151896E78}"
EndProject
Project("{FAE04EC0-301F-11D3-BF4B-00C04F79EFBC}") = "Tyuiu.FilevaPA.Sprint2.Task3.V10.Lib", "Tyuiu.FilevaPA.Sprint2.Task3.V10.Lib\Tyuiu.FilevaPA.Sprint2.Task3.V10.Lib.csproj", "{2BF67DD6-5CCE-4517-BD7D-EBB655E26B10}"
EndProject
Project("{FAE04EC0-301F-11D3-BF4B-00C04F79EFBC}") = "Tyuiu.FilevaPA.Sprint2.Task3.V10.Test", "Tyuiu.FilevaPA.Sprint2.Task3.V10.Test\Tyuiu.FilevaPA.Sprint2.Task3.V10.Test.csproj", "{15FE6CE9-BECA-4A82-990B-D3E8319BD080}"
EndProject
Project("{2150E333-8FDC-42A3-9474-1A3956D46DE8}") = "Task 4", "Task 4", "{D1D38B15-BDC6-4EE4-AA5E-5EABCB53481A}"
EndProject
Project("{FAE04EC0-301F-11D3-BF4B-00C04F79EFBC}") = "Tyuiu.FilevaPA.Sprint2.Task4.V25", "Tyuiu.FilevaPA.Sprint2.Task4.V25\Tyuiu.FilevaPA.Sprint2.Task4.V25.csproj", "{0764FA44-3EB1-4D40-BF32-D08C531A3AA7}"
EndProject
Project("{FAE04EC0-301F-11D3-BF4B-00C04F79EFBC}") = "Tyuiu.FilevaPA.Sprint2.Task4.V25.Lib", "Tyuiu.FilevaPA.Sprint2.Task4.V25.Lib\Tyuiu.FilevaPA.Sprint2.Task4.V25.Lib.csproj", "{8FE4DE25-8843-437B-B45D-180EC25B3D2F}"
EndProject
Project("{FAE04EC0-301F-11D3-BF4B-00C04F79EFBC}") = "Tyuiu.FilevaPA.Sprint2.Task4.V25.Test", "Tyuiu.FilevaPA.Sprint2.Task4.V25.Test\Tyuiu.FilevaPA.Sprint2.Task4.V25.Test.csproj", "{FA4D3727-D0C4-490D-AAFD-68B8304EDA66}"
EndProject
Project("{2150E333-8FDC-42A3-9474-1A3956D46DE8}") = "Task 5", "Task 5", "{A6B387D7-63BA-4E7D-A477-1FC8CB5C3708}"
EndProject
Project("{FAE04EC0-301F-11D3-BF4B-00C04F79EFBC}") = "Tyuiu.FilevaPA.Sprint2.Task5.V13", "Tyuiu.FilevaPA.Sprint2.Task5.V13\Tyuiu.FilevaPA.Sprint2.Task5.V13.csproj", "{DA962DED-1CDF-4B68-B803-59459A245111}"
EndProject
Project("{FAE04EC0-301F-11D3-BF4B-00C04F79EFBC}") = "Tyuiu.FilevaPA.Sprint2.Task5.V13.Lib", "Tyuiu.FilevaPA.Sprint2.Task5.V13.Lib\Tyuiu.FilevaPA.Sprint2.Task5.V13.Lib.csproj", "{7A156C17-1A96-47D3-86C3-A6973E54328F}"
EndProject
Project("{FAE04EC0-301F-11D3-BF4B-00C04F79EFBC}") = "Tyuiu.FilevaPA.Sprint2.Task5.V13.Test", "Tyuiu.FilevaPA.Sprint2.Task5.V13.Test\Tyuiu.FilevaPA.Sprint2.Task5.V13.Test.csproj", "{94F143B9-7395-4576-8C49-A5A2AA3E49C0}"
EndProject
Project("{2150E333-8FDC-42A3-9474-1A3956D46DE8}") = "Task 6", "Task 6", "{EE52CFAD-8F05-45D1-97E8-045EB184ED18}"
EndProject
Project("{FAE04EC0-301F-11D3-BF4B-00C04F79EFBC}") = "Tyuiu.FilevaPA.Sprint2.Task6.V8", "Tyuiu.FilevaPA.Sprint2.Task6.V8\Tyuiu.FilevaPA.Sprint2.Task6.V8.csproj", "{5F242442-E26B-436C-9B1F-C17EEE30826C}"
EndProject
Project("{FAE04EC0-301F-11D3-BF4B-00C04F79EFBC}") = "Tyuiu.FilevaPA.Sprint2.Task6.V8.Lib", "Tyuiu.FilevaPA.Sprint2.Task6.V8.Lib\Tyuiu.FilevaPA.Sprint2.Task6.V8.Lib.csproj", "{92F475C3-2105-4DAC-AEA7-1C4082DE0579}"
EndProject
Project("{FAE04EC0-301F-11D3-BF4B-00C04F79EFBC}") = "Tyuiu.FilevaPA.Sprint2.Task6.V8.Test", "Tyuiu.FilevaPA.Sprint2.Task6.V8.Test\Tyuiu.FilevaPA.Sprint2.Task6.V8.Test.csproj", "{3402C74A-BE4E-4CBC-AE2A-FBA5AA979EC2}"
EndProject
Project("{2150E333-8FDC-42A3-9474-1A3956D46DE8}") = "Task 7", "Task 7", "{C0D5C5D0-A89C-4474-95FD-2A5F26C4F092}"
EndProject
Project("{FAE04EC0-301F-11D3-BF4B-00C04F79EFBC}") = "Tyuiu.FilevaPA.Sprint2.Task7.V9", "Tyuiu.FilevaPA.Sprint2.Task7.V9\Tyuiu.FilevaPA.Sprint2.Task7.V9.csproj", "{733CF811-464C-49CC-9D74-BB19B03B3FA2}"
EndProject
Project("{FAE04EC0-301F-11D3-BF4B-00C04F79EFBC}") = "Tyuiu.FilevaPA.Sprint2.Task7.V9.Lib", "Tyuiu.FilevaPA.Sprint2.Task7.V9.Lib\Tyuiu.FilevaPA.Sprint2.Task7.V9.Lib.csproj", "{86A9CED1-47EE-46B9-A620-939C279BB587}"
EndProject
Project("{FAE04EC0-301F-11D3-BF4B-00C04F79EFBC}") = "Tyuiu.FilevaPA.Sprint2.Task7.V9.Test", "Tyuiu.FilevaPA.Sprint2.Task7.V9.Test\Tyuiu.FilevaPA.Sprint2.Task7.V9.Test.csproj", "{83ABA558-2755-4523-A964-A4DBC8A9763C}"
EndProject
Global
	GlobalSection(SolutionConfigurationPlatforms) = preSolution
		Debug|Any CPU = Debug|Any CPU
		Release|Any CPU = Release|Any CPU
	EndGlobalSection
	GlobalSection(ProjectConfigurationPlatforms) = postSolution
		{FEE79A09-DA40-4816-B3C1-17C93ED37D17}.Debug|Any CPU.ActiveCfg = Debug|Any CPU
		{FEE79A09-DA40-4816-B3C1-17C93ED37D17}.Debug|Any CPU.Build.0 = Debug|Any CPU
		{FEE79A09-DA40-4816-B3C1-17C93ED37D17}.Release|Any CPU.ActiveCfg = Release|Any CPU
		{FEE79A09-DA40-4816-B3C1-17C93ED37D17}.Release|Any CPU.Build.0 = Release|Any CPU
		{2A605324-3A32-4D57-9F45-59D14CE7FA43}.Debug|Any CPU.ActiveCfg = Debug|Any CPU
		{2A605324-3A32-4D57-9F45-59D14CE7FA43}.Debug|Any CPU.Build.0 = Debug|Any CPU
		{2A605324-3A32-4D57-9F45-59D14CE7FA43}.Release|Any CPU.ActiveCfg = Release|Any CPU
		{2A605324-3A32-4D57-9F45-59D14CE7FA43}.Release|Any CPU.Build.0 = Release|Any CPU
		{536398C0-A045-4290-BB1A-B5A41834BB20}.Debug|Any CPU.ActiveCfg = Debug|Any CPU
		{536398C0-A045-4290-BB1A-B5A41834BB20}.Debug|Any CPU.Build.0 = Debug|Any CPU
		{536398C0-A045-4290-BB1A-B5A41834BB20}.Release|Any CPU.ActiveCfg = Release|Any CPU
		{536398C0-A045-4290-BB1A-B5A41834BB20}.Release|Any CPU.Build.0 = Release|Any CPU
		{4A942B2B-AED0-4AEF-8D16-FE5C91E5A4DD}.Debug|Any CPU.ActiveCfg = Debug|Any CPU
		{4A942B2B-AED0-4AEF-8D16-FE5C91E5A4DD}.Debug|Any CPU.Build.0 = Debug|Any CPU
		{4A942B2B-AED0-4AEF-8D16-FE5C91E5A4DD}.Release|Any CPU.ActiveCfg = Release|Any CPU
		{4A942B2B-AED0-4AEF-8D16-FE5C91E5A4DD}.Release|Any CPU.Build.0 = Release|Any CPU
		{79E17272-FF32-4648-A12C-6913623059B7}.Debug|Any CPU.ActiveCfg = Debug|Any CPU
		{79E17272-FF32-4648-A12C-6913623059B7}.Debug|Any CPU.Build.0 = Debug|Any CPU
		{79E17272-FF32-4648-A12C-6913623059B7}.Release|Any CPU.ActiveCfg = Release|Any CPU
		{79E17272-FF32-4648-A12C-6913623059B7}.Release|Any CPU.Build.0 = Release|Any CPU
		{9F3DF187-110F-4FA8-BACB-26ACABBC9C77}.Debug|Any CPU.ActiveCfg = Debug|Any CPU
		{9F3DF187-110F-4FA8-BACB-26ACABBC9C77}.Debug|Any CPU.Build.0 = Debug|Any CPU
		{9F3DF187-110F-4FA8-BACB-26ACABBC9C77}.Release|Any CPU.ActiveCfg = Release|Any CPU
		{9F3DF187-110F-4FA8-BACB-26ACABBC9C77}.Release|Any CPU.Build.0 = Release|Any CPU
		{90869D1A-E9BF-4C02-9362-6E56A4B631EE}.Debug|Any CPU.ActiveCfg = Debug|Any CPU
		{90869D1A-E9BF-4C02-9362-6E56A4B631EE}.Debug|Any CPU.Build.0 = Debug|Any CPU
		{90869D1A-E9BF-4C02-9362-6E56A4B631EE}.Release|Any CPU.ActiveCfg = Release|Any CPU
		{90869D1A-E9BF-4C02-9362-6E56A4B631EE}.Release|Any CPU.Build.0 = Release|Any CPU
		{C1498482-A982-460D-9656-B7AEE2822441}.Debug|Any CPU.ActiveCfg = Debug|Any CPU
		{C1498482-A982-460D-9656-B7AEE2822441}.Debug|Any CPU.Build.0 = Debug|Any CPU
		{C1498482-A982-460D-9656-B7AEE2822441}.Release|Any CPU.ActiveCfg = Release|Any CPU
		{C1498482-A982-460D-9656-B7AEE2822441}.Release|Any CPU.Build.0 = Release|Any CPU
		{B006C460-8204-4EC7-A02F-33657DF47A6B}.Debug|Any CPU.ActiveCfg = Debug|Any CPU
		{B006C460-8204-4EC7-A02F-33657DF47A6B}.Debug|Any CPU.Build.0 = Debug|Any CPU
		{B006C460-8204-4EC7-A02F-33657DF47A6B}.Release|Any CPU.ActiveCfg = Release|Any CPU
		{B006C460-8204-4EC7-A02F-33657DF47A6B}.Release|Any CPU.Build.0 = Release|Any CPU
		{85F42051-D689-4F01-BC2E-844151896E78}.Debug|Any CPU.ActiveCfg = Debug|Any CPU
		{85F42051-D689-4F01-BC2E-844151896E78}.Debug|Any CPU.Build.0 = Debug|Any CPU
		{85F42051-D689-4F01-BC2E-844151896E78}.Release|Any CPU.ActiveCfg = Release|Any CPU
		{85F42051-D689-4F01-BC2E-844151896E78}.Release|Any CPU.Build.0 = Release|Any CPU
		{2BF67DD6-5CCE-4517-BD7D-EBB655E26B10}.Debug|Any CPU.ActiveCfg = Debug|Any CPU
		{2BF67DD6-5CCE-4517-BD7D-EBB655E26B10}.Debug|Any CPU.Build.0 = Debug|Any CPU
		{2BF67DD6-5CCE-4517-BD7D-EBB655E26B10}.Release|Any CPU.ActiveCfg = Release|Any CPU
		{2BF67DD6-5CCE-4517-BD7D-EBB655E26B10}.Release|Any CPU.Build.0 = Release|Any CPU
		{15FE6CE9-BECA-4A82-990B-D3E8319BD080}.Debug|Any CPU.ActiveCfg = Debug|Any CPU
		{15FE6CE9-BECA-4A82-990B-D3E8319BD080}.Debug|Any CPU.Build.0 = Debug|Any CPU
		{15FE6CE9-BECA-4A82-990B-D3E8319BD080}.Release|Any CPU.ActiveCfg = Release|Any CPU
		{15FE6CE9-BECA-4A82-990B-D3E8319BD080}.Release|Any CPU.Build.0 = Release|Any CPU
		{0764FA44-3EB1-4D40-BF32-D08C531A3AA7}.Debug|Any CPU.ActiveCfg = Debug|Any CPU
		{0764FA44-3EB1-4D40-BF32-D08C531A3AA7}.Debug|Any CPU.Build.0 = Debug|Any CPU
		{0764FA44-3EB1-4D40-BF32-D08C531A3AA7}.Release|Any CPU.ActiveCfg = Release|Any CPU
		{0764FA44-3EB1-4D40-BF32-D08C531A3AA7}.Release|Any CPU.Build.0 = Release|Any CPU
		{8FE4DE25-8843-437B-B45D-180EC25B3D2F}.Debug|Any CPU.ActiveCfg = Debug|Any CPU
		{8FE4DE25-8843-437B-B45D-180EC25B3D2F}.Debug|Any CPU.Build.0 = Debug|Any CPU
		{8FE4DE25-8843-437B-B45D-180EC25B3D2F}.Release|Any CPU.ActiveCfg = Release|Any CPU
		{8FE4DE25-8843-437B-B45D-180EC25B3D2F}.Release|Any CPU.Build.0 = Release|Any CPU
		{FA4D3727-D0C4-490D-AAFD-68B8304EDA66}.Debug|Any CPU.ActiveCfg = Debug|Any CPU
		{FA4D3727-D0C4-490D-AAFD-68B8304EDA66}.Debug|Any CPU.Build.0 = Debug|Any CPU
		{FA4D3727-D0C4-490D-AAFD-68B8304EDA66}.Release|Any CPU.ActiveCfg = Release|Any CPU
		{FA4D3727-D0C4-490D-AAFD-68B8304EDA66}.Release|Any CPU.Build.0 = Release|Any CPU
		{DA962DED-1CDF-4B68-B803-59459A245111}.Debug|Any CPU.ActiveCfg = Debug|Any CPU
		{DA962DED-1CDF-4B68-B803-59459A245111}.Debug|Any CPU.Build.0 = Debug|Any CPU
		{DA962DED-1CDF-4B68-B803-59459A245111}.Release|Any CPU.ActiveCfg = Release|Any CPU
		{DA962DED-1CDF-4B68-B803-59459A245111}.Release|Any CPU.Build.0 = Release|Any CPU
		{7A156C17-1A96-47D3-86C3-A6973E54328F}.Debug|Any CPU.ActiveCfg = Debug|Any CPU
		{7A156C17-1A96-47D3-86C3-A6973E54328F}.Debug|Any CPU.Build.0 = Debug|Any CPU
		{7A156C17-1A96-47D3-86C3-A6973E54328F}.Release|Any CPU.ActiveCfg = Release|Any CPU
		{7A156C17-1A96-47D3-86C3-A6973E54328F}.Release|Any CPU.Build.0 = Release|Any CPU
		{94F143B9-7395-4576-8C49-A5A2AA3E49C0}.Debug|Any CPU.ActiveCfg = Debug|Any CPU
		{94F143B9-7395-4576-8C49-A5A2AA3E49C0}.Debug|Any CPU.Build.0 = Debug|Any CPU
		{94F143B9-7395-4576-8C49-A5A2AA3E49C0}.Release|Any CPU.ActiveCfg = Release|Any CPU
		{94F143B9-7395-4576-8C49-A5A2AA3E49C0}.Release|Any CPU.Build.0 = Release|Any CPU
		{5F242442-E26B-436C-9B1F-C17EEE30826C}.Debug|Any CPU.ActiveCfg = Debug|Any CPU
		{5F242442-E26B-436C-9B1F-C17EEE30826C}.Debug|Any CPU.Build.0 = Debug|Any CPU
		{5F242442-E26B-436C-9B1F-C17EEE30826C}.Release|Any CPU.ActiveCfg = Release|Any CPU
		{5F242442-E26B-436C-9B1F-C17EEE30826C}.Release|Any CPU.Build.0 = Release|Any CPU
		{92F475C3-2105-4DAC-AEA7-1C4082DE0579}.Debug|Any CPU.ActiveCfg = Debug|Any CPU
		{92F475C3-2105-4DAC-AEA7-1C4082DE0579}.Debug|Any CPU.Build.0 = Debug|Any CPU
		{92F475C3-2105-4DAC-AEA7-1C4082DE0579}.Release|Any CPU.ActiveCfg = Release|Any CPU
		{92F475C3-2105-4DAC-AEA7-1C4082DE0579}.Release|Any CPU.Build.0 = Release|Any CPU
		{3402C74A-BE4E-4CBC-AE2A-FBA5AA979EC2}.Debug|Any CPU.ActiveCfg = Debug|Any CPU
		{3402C74A-BE4E-4CBC-AE2A-FBA5AA979EC2}.Debug|Any CPU.Build.0 = Debug|Any CPU
		{3402C74A-BE4E-4CBC-AE2A-FBA5AA979EC2}.Release|Any CPU.ActiveCfg = Release|Any CPU
		{3402C74A-BE4E-4CBC-AE2A-FBA5AA979EC2}.Release|Any CPU.Build.0 = Release|Any CPU
		{733CF811-464C-49CC-9D74-BB19B03B3FA2}.Debug|Any CPU.ActiveCfg = Debug|Any CPU
		{733CF811-464C-49CC-9D74-BB19B03B3FA2}.Debug|Any CPU.Build.0 = Debug|Any CPU
		{733CF811-464C-49CC-9D74-BB19B03B3FA2}.Release|Any CPU.ActiveCfg = Release|Any CPU
		{733CF811-464C-49CC-9D74-BB19B03B3FA2}.Release|Any CPU.Build.0 = Release|Any CPU
		{86A9CED1-47EE-46B9-A620-939C279BB587}.Debug|Any CPU.ActiveCfg = Debug|Any CPU
		{86A9CED1-47EE-46B9-A620-939C279BB587}.Debug|Any CPU.Build.0 = Debug|Any CPU
		{86A9CED1-47EE-46B9-A620-939C279BB587}.Release|Any CPU.ActiveCfg = Release|Any CPU
		{86A9CED1-47EE-46B9-A620-939C279BB587}.Release|Any CPU.Build.0 = Release|Any CPU
		{83ABA558-2755-4523-A964-A4DBC8A9763C}.Debug|Any CPU.ActiveCfg = Debug|Any CPU
		{83ABA558-2755-4523-A964-A4DBC8A9763C}.Debug|Any CPU.Build.0 = Debug|Any CPU
		{83ABA558-2755-4523-A964-A4DBC8A9763C}.Release|Any CPU.ActiveCfg = Release|Any CPU
		{83ABA558-2755-4523-A964-A4DBC8A9763C}.Release|Any CPU.Build.0 = Release|Any CPU
	EndGlobalSection
	GlobalSection(SolutionProperties) = preSolution
		HideSolutionNode = FALSE
	EndGlobalSection
	GlobalSection(NestedProjects) = preSolution
		{FEE79A09-DA40-4816-B3C1-17C93ED37D17} = {6F2EE599-2DF8-4280-AE7C-B41CDB34633C}
		{2A605324-3A32-4D57-9F45-59D14CE7FA43} = {6F2EE599-2DF8-4280-AE7C-B41CDB34633C}
		{536398C0-A045-4290-BB1A-B5A41834BB20} = {6F2EE599-2DF8-4280-AE7C-B41CDB34633C}
		{4A942B2B-AED0-4AEF-8D16-FE5C91E5A4DD} = {02EA681E-C7D8-13C7-8484-4AC65E1B71E8}
		{79E17272-FF32-4648-A12C-6913623059B7} = {02EA681E-C7D8-13C7-8484-4AC65E1B71E8}
		{9F3DF187-110F-4FA8-BACB-26ACABBC9C77} = {02EA681E-C7D8-13C7-8484-4AC65E1B71E8}
		{90869D1A-E9BF-4C02-9362-6E56A4B631EE} = {6DE57172-2FD7-4D1D-B477-9CE62A99334E}
		{C1498482-A982-460D-9656-B7AEE2822441} = {6DE57172-2FD7-4D1D-B477-9CE62A99334E}
		{B006C460-8204-4EC7-A02F-33657DF47A6B} = {6DE57172-2FD7-4D1D-B477-9CE62A99334E}
		{85F42051-D689-4F01-BC2E-844151896E78} = {AAAFE7D7-3864-423B-A324-CAA5A3364C5E}
		{2BF67DD6-5CCE-4517-BD7D-EBB655E26B10} = {AAAFE7D7-3864-423B-A324-CAA5A3364C5E}
		{15FE6CE9-BECA-4A82-990B-D3E8319BD080} = {AAAFE7D7-3864-423B-A324-CAA5A3364C5E}
		{0764FA44-3EB1-4D40-BF32-D08C531A3AA7} = {D1D38B15-BDC6-4EE4-AA5E-5EABCB53481A}
		{8FE4DE25-8843-437B-B45D-180EC25B3D2F} = {D1D38B15-BDC6-4EE4-AA5E-5EABCB53481A}
		{FA4D3727-D0C4-490D-AAFD-68B8304EDA66} = {D1D38B15-BDC6-4EE4-AA5E-5EABCB53481A}
		{DA962DED-1CDF-4B68-B803-59459A245111} = {A6B387D7-63BA-4E7D-A477-1FC8CB5C3708}
		{7A156C17-1A96-47D3-86C3-A6973E54328F} = {A6B387D7-63BA-4E7D-A477-1FC8CB5C3708}
		{94F143B9-7395-4576-8C49-A5A2AA3E49C0} = {A6B387D7-63BA-4E7D-A477-1FC8CB5C3708}
		{5F242442-E26B-436C-9B1F-C17EEE30826C} = {EE52CFAD-8F05-45D1-97E8-045EB184ED18}
		{92F475C3-2105-4DAC-AEA7-1C4082DE0579} = {EE52CFAD-8F05-45D1-97E8-045EB184ED18}
		{3402C74A-BE4E-4CBC-AE2A-FBA5AA979EC2} = {EE52CFAD-8F05-45D1-97E8-045EB184ED18}
		{733CF811-464C-49CC-9D74-BB19B03B3FA2} = {C0D5C5D0-A89C-4474-95FD-2A5F26C4F092}
		{86A9CED1-47EE-46B9-A620-939C279BB587} = {C0D5C5D0-A89C-4474-95FD-2A5F26C4F092}
		{83ABA558-2755-4523-A964-A4DBC8A9763C} = {C0D5C5D0-A89C-4474-95FD-2A5F26C4F092}
	EndGlobalSection
	GlobalSection(ExtensibilityGlobals) = postSolution
		SolutionGuid = {9494473B-2734-4F21-968C-E46B147E31DF}
	EndGlobalSection
EndGlobal
